
Microsoft Visual Studio Solution File, Format Version 12.00
# Visual Studio Version 17
VisualStudioVersion = 17.0.31903.59
MinimumVisualStudioVersion = 10.0.40219.1
Project("{FAE04EC0-301F-11D3-BF4B-00C04F79EFBC}") = "PuppiesApi", "PuppiesApi\PuppiesApi.csproj", "{D4C22585-33E6-48F3-8FDC-1B010B237761}"
EndProject
Project("{FAE04EC0-301F-11D3-BF4B-00C04F79EFBC}") = "PuppiesApi.Tests", "PuppiesApi.Tests\PuppiesApi.Tests.csproj", "{A68FB3E0-728F-4020-B1C7-7D2C4620B6C1}"
EndProject
Global
	GlobalSection(SolutionConfigurationPlatforms) = preSolution
		Debug|Any CPU = Debug|Any CPU
		Release|Any CPU = Release|Any CPU
	EndGlobalSection
	GlobalSection(SolutionProperties) = preSolution
		HideSolutionNode = FALSE
	EndGlobalSection
	GlobalSection(ProjectConfigurationPlatforms) = postSolution
		{D4C22585-33E6-48F3-8FDC-1B010B237761}.Debug|Any CPU.ActiveCfg = Debug|Any CPU
		{D4C22585-33E6-48F3-8FDC-1B010B237761}.Debug|Any CPU.Build.0 = Debug|Any CPU
		{D4C22585-33E6-48F3-8FDC-1B010B237761}.Release|Any CPU.ActiveCfg = Release|Any CPU
		{D4C22585-33E6-48F3-8FDC-1B010B237761}.Release|Any CPU.Build.0 = Release|Any CPU
		{A68FB3E0-728F-4020-B1C7-7D2C4620B6C1}.Debug|Any CPU.ActiveCfg = Debug|Any CPU
		{A68FB3E0-728F-4020-B1C7-7D2C4620B6C1}.Debug|Any CPU.Build.0 = Debug|Any CPU
		{A68FB3E0-728F-4020-B1C7-7D2C4620B6C1}.Release|Any CPU.ActiveCfg = Release|Any CPU
		{A68FB3E0-728F-4020-B1C7-7D2C4620B6C1}.Release|Any CPU.Build.0 = Release|Any CPU
	EndGlobalSection
EndGlobal
